
Microsoft Visual Studio Solution File, Format Version 12.00
Project("{FAE04EC0-301F-11D3-BF4B-00C04F79EFBC}") = "Toolbox", "Toolbox\Toolbox.csproj", "{E4477E83-5BEF-424F-916E-CE33B332FC9A}"
EndProject
Project("{FAE04EC0-301F-11D3-BF4B-00C04F79EFBC}") = "Toolbox-Tests", "Toolbox-Tests\Toolbox-Tests.csproj", "{5AC1ECAF-DF56-4108-AF24-52C94C3C1C94}"
EndProject
Global
	GlobalSection(SolutionConfigurationPlatforms) = preSolution
		Debug|Any CPU = Debug|Any CPU
		Release|Any CPU = Release|Any CPU
	EndGlobalSection
	GlobalSection(ProjectConfigurationPlatforms) = postSolution
		{E4477E83-5BEF-424F-916E-CE33B332FC9A}.Debug|Any CPU.ActiveCfg = Debug|Any CPU
		{E4477E83-5BEF-424F-916E-CE33B332FC9A}.Debug|Any CPU.Build.0 = Debug|Any CPU
		{E4477E83-5BEF-424F-916E-CE33B332FC9A}.Release|Any CPU.ActiveCfg = Release|Any CPU
		{E4477E83-5BEF-424F-916E-CE33B332FC9A}.Release|Any CPU.Build.0 = Release|Any CPU
		{5AC1ECAF-DF56-4108-AF24-52C94C3C1C94}.Debug|Any CPU.ActiveCfg = Debug|Any CPU
		{5AC1ECAF-DF56-4108-AF24-52C94C3C1C94}.Debug|Any CPU.Build.0 = Debug|Any CPU
		{5AC1ECAF-DF56-4108-AF24-52C94C3C1C94}.Release|Any CPU.ActiveCfg = Release|Any CPU
		{5AC1ECAF-DF56-4108-AF24-52C94C3C1C94}.Release|Any CPU.Build.0 = Release|Any CPU
	EndGlobalSection
EndGlobal
